
Microsoft Visual Studio Solution File, Format Version 12.00
# Visual Studio Version 17
VisualStudioVersion = 17.8.34330.188
MinimumVisualStudioVersion = 10.0.40219.1
Project("{FAE04EC0-301F-11D3-BF4B-00C04F79EFBC}") = "ConsoleApp6", "ConsoleApp6\ConsoleApp6.csproj", "{326A3CD3-2EAB-4F81-95CA-33FF05EB458F}"
EndProject
Global
	GlobalSection(SolutionConfigurationPlatforms) = preSolution
		Debug|Any CPU = Debug|Any CPU
		Release|Any CPU = Release|Any CPU
	EndGlobalSection
	GlobalSection(ProjectConfigurationPlatforms) = postSolution
		{326A3CD3-2EAB-4F81-95CA-33FF05EB458F}.Debug|Any CPU.ActiveCfg = Debug|Any CPU
		{326A3CD3-2EAB-4F81-95CA-33FF05EB458F}.Debug|Any CPU.Build.0 = Debug|Any CPU
		{326A3CD3-2EAB-4F81-95CA-33FF05EB458F}.Release|Any CPU.ActiveCfg = Release|Any CPU
		{326A3CD3-2EAB-4F81-95CA-33FF05EB458F}.Release|Any CPU.Build.0 = Release|Any CPU
	EndGlobalSection
	GlobalSection(SolutionProperties) = preSolution
		HideSolutionNode = FALSE
	EndGlobalSection
	GlobalSection(ExtensibilityGlobals) = postSolution
		SolutionGuid = {3E6C49B8-2148-4EDC-8572-58D972B3870C}
	EndGlobalSection
EndGlobal
